
Microsoft Visual Studio Solution File, Format Version 12.00
# Visual Studio 15
VisualStudioVersion = 15.0.28307.329
MinimumVisualStudioVersion = 10.0.40219.1
Project("{FAE04EC0-301F-11D3-BF4B-00C04F79EFBC}") = "InternalTest.Dll", "InternalTest.Dll\InternalTest.Dll.csproj", "{65B8419F-23B6-4625-9DB6-C8B90C12D759}"
EndProject
Global
	GlobalSection(SolutionConfigurationPlatforms) = preSolution
		Debug|Any CPU = Debug|Any CPU
		Release|Any CPU = Release|Any CPU
	EndGlobalSection
	GlobalSection(ProjectConfigurationPlatforms) = postSolution
		{65B8419F-23B6-4625-9DB6-C8B90C12D759}.Debug|Any CPU.ActiveCfg = Debug|Any CPU
		{65B8419F-23B6-4625-9DB6-C8B90C12D759}.Debug|Any CPU.Build.0 = Debug|Any CPU
		{65B8419F-23B6-4625-9DB6-C8B90C12D759}.Release|Any CPU.ActiveCfg = Release|Any CPU
		{65B8419F-23B6-4625-9DB6-C8B90C12D759}.Release|Any CPU.Build.0 = Release|Any CPU
	EndGlobalSection
	GlobalSection(SolutionProperties) = preSolution
		HideSolutionNode = FALSE
	EndGlobalSection
	GlobalSection(ExtensibilityGlobals) = postSolution
		SolutionGuid = {5420A6CD-722C-4642-A0AB-E5980F184F6A}
	EndGlobalSection
EndGlobal
